
Microsoft Visual Studio Solution File, Format Version 12.00
# Visual Studio 14
VisualStudioVersion = 14.0.25420.1
MinimumVisualStudioVersion = 10.0.40219.1
Project("{FAE04EC0-301F-11D3-BF4B-00C04F79EFBC}") = "WebAPI", "WebAPI\WebAPI.csproj", "{21E9CE5B-91C7-46A8-BF97-3529E031BF4F}"
EndProject
Project("{FAE04EC0-301F-11D3-BF4B-00C04F79EFBC}") = "MVC", "MVC\MVC.csproj", "{7140BABC-8FA0-4150-89F6-3F2BCBC9A9BA}"
EndProject
Global
	GlobalSection(SolutionConfigurationPlatforms) = preSolution
		Debug|Any CPU = Debug|Any CPU
		Release|Any CPU = Release|Any CPU
	EndGlobalSection
	GlobalSection(ProjectConfigurationPlatforms) = postSolution
		{21E9CE5B-91C7-46A8-BF97-3529E031BF4F}.Debug|Any CPU.ActiveCfg = Debug|Any CPU
		{21E9CE5B-91C7-46A8-BF97-3529E031BF4F}.Debug|Any CPU.Build.0 = Debug|Any CPU
		{21E9CE5B-91C7-46A8-BF97-3529E031BF4F}.Release|Any CPU.ActiveCfg = Release|Any CPU
		{21E9CE5B-91C7-46A8-BF97-3529E031BF4F}.Release|Any CPU.Build.0 = Release|Any CPU
		{7140BABC-8FA0-4150-89F6-3F2BCBC9A9BA}.Debug|Any CPU.ActiveCfg = Debug|Any CPU
		{7140BABC-8FA0-4150-89F6-3F2BCBC9A9BA}.Debug|Any CPU.Build.0 = Debug|Any CPU
		{7140BABC-8FA0-4150-89F6-3F2BCBC9A9BA}.Release|Any CPU.ActiveCfg = Release|Any CPU
		{7140BABC-8FA0-4150-89F6-3F2BCBC9A9BA}.Release|Any CPU.Build.0 = Release|Any CPU
	EndGlobalSection
	GlobalSection(SolutionProperties) = preSolution
		HideSolutionNode = FALSE
	EndGlobalSection
EndGlobal
